
Microsoft Visual Studio Solution File, Format Version 12.00
# Visual Studio Version 17
VisualStudioVersion = 17.2.32519.379
MinimumVisualStudioVersion = 10.0.40219.1
Project("{FAE04EC0-301F-11D3-BF4B-00C04F79EFBC}") = "EmployeeManagement", "EmployeeManagement\EmployeeManagement.csproj", "{54793970-1C17-4FD5-B9A8-C64F39E8D281}"
EndProject
Global
	GlobalSection(SolutionConfigurationPlatforms) = preSolution
		Debug|Any CPU = Debug|Any CPU
		Release|Any CPU = Release|Any CPU
	EndGlobalSection
	GlobalSection(ProjectConfigurationPlatforms) = postSolution
		{54793970-1C17-4FD5-B9A8-C64F39E8D281}.Debug|Any CPU.ActiveCfg = Debug|Any CPU
		{54793970-1C17-4FD5-B9A8-C64F39E8D281}.Debug|Any CPU.Build.0 = Debug|Any CPU
		{54793970-1C17-4FD5-B9A8-C64F39E8D281}.Release|Any CPU.ActiveCfg = Release|Any CPU
		{54793970-1C17-4FD5-B9A8-C64F39E8D281}.Release|Any CPU.Build.0 = Release|Any CPU
	EndGlobalSection
	GlobalSection(SolutionProperties) = preSolution
		HideSolutionNode = FALSE
	EndGlobalSection
	GlobalSection(ExtensibilityGlobals) = postSolution
		SolutionGuid = {5362471D-4EAA-4C43-AB18-57C22BAA1339}
	EndGlobalSection
EndGlobal
